github.com/davecgh/go-spew v1.1.0 h1:ZDRjVQ15GmhC3fiQ8ni8+OwkZQO4DARzQgrnXU1Liz8=
github.com/davecgh/go-spew v1.1.0/go.mod h1:J7Y8YcW2NihsgmVo/mv3lAwl/skON4iLHjSsI+c5H38=
github.com/davecgh/go-spew v1.1.1/go.mod h1:J7Y8YcW2NihsgmVo/mv3lAwl/skON4iLHjSsI+c5H38=
github.com/niftynei/glightning v0.0.0-20190108020637-78612f8f056d h1:EE2GQvIv+RZUdAJfunBYRXyg2J3s3UOYjNIpatQV8Rg=
github.com/niftynei/glightning v0.0.0-20190108020637-78612f8f056d/go.mod h1:nOHtsM1ZfMwOxwl6LE72U611ozP+IBj/xVkJ+9vwtd4=
github.com/niftynei/glightning v0.0.0-20190108040231-6541a3cca437 h1:qGS6hST17XWhepglSYr6xmwomF2akzHCYsbawefqAME=
github.com/niftynei/glightning v0.0.0-20190108040231-6541a3cca437/go.mod h1:nOHtsM1ZfMwOxwl6LE72U611ozP+IBj/xVkJ+9vwtd4=
github.com/niftynei/glightning v0.0.0-20190108040739-86d62355d2c4 h1:osEIR4TEyiGqySnnCI5w+eadmPxr9DzNvJNs+BVtdJY=
github.com/niftynei/glightning v0.0.0-20190108040739-86d62355d2c4/go.mod h1:nOHtsM1ZfMwOxwl6LE72U611ozP+IBj/xVkJ+9vwtd4=
github.com/niftynei/glightning v0.0.0-20190118032315-b74cb81c243b h1:0cckazxOw7T43yeeVw+X3i7dp/g2ENFz7Vu3sMNorQY=
github.com/niftynei/glightning v0.0.0-20190118032315-b74cb81c243b/go.mod h1:nOHtsM1ZfMwOxwl6LE72U611ozP+IBj/xVkJ+9vwtd4=
github.com/niftynei/glightning v0.0.0-20190123231207-7e1a39e127a3 h1:15IBBPs1lJY9ex2SX5uwUKsWVw3+gksQrCk4dvzaDCI=
github.com/niftynei/glightning v0.0.0-20190123231207-7e1a39e127a3/go.mod h1:nOHtsM1ZfMwOxwl6LE72U611ozP+IBj/xVkJ+9vwtd4=
github.com/niftynei/glightning v0.0.0-20190125014326-1f1909f68a12 h1:IrQnkrXmEg+SKmd/JGWGv2jDFhAX/OsfDKi7F09aNQA=
github.com/niftynei/glightning v0.0.0-20190125014326-1f1909f68a12/go.mod h1:nOHtsM1ZfMwOxwl6LE72U611ozP+IBj/xVkJ+9vwtd4=
github.com/niftynei/glightning v0.0.0-20190125014432-85f913f9b88c h1:TSdbfgPmj868nSj08PcMpYyF2+DETCeOSj6KhLoB5dg=
github.com/niftynei/glightning v0.0.0-20190125014432-85f913f9b88c/go.mod h1:nOHtsM1ZfMwOxwl6LE72U611ozP+IBj/xVkJ+9vwtd4=
github.com/niftynei/glightning v0.0.0-20190125224946-e1c18ffc796e h1:c9PXwiix2fXu9+jFouov4gTqsRt2OFG0DST2g2PdnCw=
github.com/niftynei/glightning v0.0.0-20190125224946-e1c18ffc796e/go.mod h1:nOHtsM1ZfMwOxwl6LE72U611ozP+IBj/xVkJ+9vwtd4=
github.com/niftynei/glightning v0.0.0-20190125225638-08e320e52c9f h1:QIJcFiBlodUXC5BhgyW3VTJ8dvtlWcHE4SO0/+2/mT0=
github.com/niftynei/glightning v0.0.0-20190125225638-08e320e52c9f/go.mod h1:nOHtsM1ZfMwOxwl6LE72U611ozP+IBj/xVkJ+9vwtd4=
github.com/niftynei/golight v0.0.0-20190104004445-34c816878e23 h1:/2akPQAmTKDDvAAnJRa3HrshNRN2lT79Muf43Rl2crY=
github.com/niftynei/golight v0.0.0-20190104004445-34c816878e23/go.mod h1:jEXCWZ6oSlUs+dX3mJt9HRp9L7gOnT9X2m6QOtZUnx8=
github.com/niftynei/golight v0.0.0-20190108040231-6541a3cca437/go.mod h1:jEXCWZ6oSlUs+dX3mJt9HRp9L7gOnT9X2m6QOtZUnx8=
github.com/niftynei/golight v0.0.0-20190108040739-86d62355d2c4/go.mod h1:jEXCWZ6oSlUs+dX3mJt9HRp9L7gOnT9X2m6QOtZUnx8=
github.com/niftynei/golight v0.0.0-20190118032315-b74cb81c243b/go.mod h1:jEXCWZ6oSlUs+dX3mJt9HRp9L7gOnT9X2m6QOtZUnx8=
github.com/pmezard/go-difflib v1.0.0 h1:4DBwDE0NGyQoBHbLQYPwSUPoCMWR5BEzIk/f1lZbAQM=
github.com/pmezard/go-difflib v1.0.0/go.mod h1:iKH77koFhYxTK1pcRnkKkqfTogsbg7gZNVY4sRDYZ/4=
github.com/stretchr/objx v0.1.0/go.mod h1:HFkY916IF+rwdDfMAkV7OtwuqBVzrE8GR6GFx+wExME=
github.com/stretchr/objx v0.1.1/go.mod h1:HFkY916IF+rwdDfMAkV7OtwuqBVzrE8GR6GFx+wExME=
github.com/stretchr/testify v1.3.0 h1:TivCn/peBQ7UY8ooIcPgZFpTNSz0Q2U6UrFlUfqbe0Q=
github.com/stretchr/testify v1.3.0/go.mod h1:M5WIy9Dh21IEIfnGCwXGc5bZfKNJtfHm1UVUgZn+9EI=
